// !$*UTF8*$!
{
	archiveVersion = 1;
	classes = {
	};
	objectVersion = 46;
	objects = {

/* Begin PBXBuildFile section */
		4A6B599D3D5AD339FD4A0F86 /* Pods_PhotoBrowser500pxTests.framework in Frameworks */ = {isa = PBXBuildFile; fileRef = 6D433959C196610114C72B25 /* Pods_PhotoBrowser500pxTests.framework */; };
		6968A79316D5C8C57C9B2CD4 /* Pods_PhotoBrowser500pxUITests.framework in Frameworks */ = {isa = PBXBuildFile; fileRef = 590218236EAEE96266A715D9 /* Pods_PhotoBrowser500pxUITests.framework */; };
		9FF7E0B03008B1D678A92817 /* Pods_PhotoBrowser500px.framework in Frameworks */ = {isa = PBXBuildFile; fileRef = 5DBE0AE1572F26C351BBA205 /* Pods_PhotoBrowser500px.framework */; };
		F50BFADE1DE0FE4700CA454D /* HTTPClient.swift in Sources */ = {isa = PBXBuildFile; fileRef = F50BFADD1DE0FE4700CA454D /* HTTPClient.swift */; };
		F50BFAE21DE0FE8000CA454D /* Reachability.swift in Sources */ = {isa = PBXBuildFile; fileRef = F50BFAE11DE0FE8000CA454D /* Reachability.swift */; };
		F50BFAE41DE0FECD00CA454D /* API500px.swift in Sources */ = {isa = PBXBuildFile; fileRef = F50BFAE31DE0FECD00CA454D /* API500px.swift */; };
		F50BFAE61DE0FF8600CA454D /* Image500px.swift in Sources */ = {isa = PBXBuildFile; fileRef = F50BFAE51DE0FF8600CA454D /* Image500px.swift */; };
		F5A475721DE1303E00C15BE0 /* HTTPClientTests.swift in Sources */ = {isa = PBXBuildFile; fileRef = F5A475711DE1303E00C15BE0 /* HTTPClientTests.swift */; };
		F5A475741DE1352300C15BE0 /* API500pxTests.swift in Sources */ = {isa = PBXBuildFile; fileRef = F5A475731DE1352300C15BE0 /* API500pxTests.swift */; };
		F5A475761DE137A800C15BE0 /* DateHelper.swift in Sources */ = {isa = PBXBuildFile; fileRef = F5A475751DE137A800C15BE0 /* DateHelper.swift */; };
		F5A475791DE13A1600C15BE0 /* DateHelperTests.swift in Sources */ = {isa = PBXBuildFile; fileRef = F5A475781DE13A1600C15BE0 /* DateHelperTests.swift */; };
		F5A4757B1DE2101A00C15BE0 /* ImageCollectionViewController.swift in Sources */ = {isa = PBXBuildFile; fileRef = F5A4757A1DE2101A00C15BE0 /* ImageCollectionViewController.swift */; };
		F5A4757D1DE219CC00C15BE0 /* ImageFetcher.swift in Sources */ = {isa = PBXBuildFile; fileRef = F5A4757C1DE219CC00C15BE0 /* ImageFetcher.swift */; };
		F5A4757F1DE2329C00C15BE0 /* ImageFetcherTests.swift in Sources */ = {isa = PBXBuildFile; fileRef = F5A4757E1DE2329C00C15BE0 /* ImageFetcherTests.swift */; };
		F5E144A51DE0E873001C7EBC /* AppDelegate.swift in Sources */ = {isa = PBXBuildFile; fileRef = F5E144A41DE0E873001C7EBC /* AppDelegate.swift */; };
		F5E144AA1DE0E873001C7EBC /* Main.storyboard in Resources */ = {isa = PBXBuildFile; fileRef = F5E144A81DE0E873001C7EBC /* Main.storyboard */; };
		F5E144AD1DE0E873001C7EBC /* PhotoBrowser500px.xcdatamodeld in Sources */ = {isa = PBXBuildFile; fileRef = F5E144AB1DE0E873001C7EBC /* PhotoBrowser500px.xcdatamodeld */; };
		F5E144AF1DE0E873001C7EBC /* Assets.xcassets in Resources */ = {isa = PBXBuildFile; fileRef = F5E144AE1DE0E873001C7EBC /* Assets.xcassets */; };
		F5E144B21DE0E873001C7EBC /* LaunchScreen.storyboard in Resources */ = {isa = PBXBuildFile; fileRef = F5E144B01DE0E873001C7EBC /* LaunchScreen.storyboard */; };
		F5E144BD1DE0E873001C7EBC /* PhotoBrowser500pxTests.swift in Sources */ = {isa = PBXBuildFile; fileRef = F5E144BC1DE0E873001C7EBC /* PhotoBrowser500pxTests.swift */; };
		F5E144C81DE0E873001C7EBC /* PhotoBrowser500pxUITests.swift in Sources */ = {isa = PBXBuildFile; fileRef = F5E144C71DE0E873001C7EBC /* PhotoBrowser500pxUITests.swift */; };
/* End PBXBuildFile section */

/* Begin PBXContainerItemProxy section */
		F5E144B91DE0E873001C7EBC /* PBXContainerItemProxy */ = {
			isa = PBXContainerItemProxy;
			containerPortal = F5E144991DE0E873001C7EBC /* Project object */;
			proxyType = 1;
			remoteGlobalIDString = F5E144A01DE0E873001C7EBC;
			remoteInfo = PhotoBrowser500px;
		};
		F5E144C41DE0E873001C7EBC /* PBXContainerItemProxy */ = {
			isa = PBXContainerItemProxy;
			containerPortal = F5E144991DE0E873001C7EBC /* Project object */;
			proxyType = 1;
			remoteGlobalIDString = F5E144A01DE0E873001C7EBC;
			remoteInfo = PhotoBrowser500px;
		};
/* End PBXContainerItemProxy section */

/* Begin PBXFileReference section */
		3D149ECF094FB20CFDF656F8 /* Pods-PhotoBrowser500pxTests.release.xcconfig */ = {isa = PBXFileReference; includeInIndex = 1; lastKnownFileType = text.xcconfig; name = "Pods-PhotoBrowser500pxTests.release.xcconfig"; path = "Pods/Target Support Files/Pods-PhotoBrowser500pxTests/Pods-PhotoBrowser500pxTests.release.xcconfig"; sourceTree = "<group>"; };
		590218236EAEE96266A715D9 /* Pods_PhotoBrowser500pxUITests.framework */ = {isa = PBXFileReference; explicitFileType = wrapper.framework; includeInIndex = 0; path = Pods_PhotoBrowser500pxUITests.framework; sourceTree = BUILT_PRODUCTS_DIR; };
		5DBE0AE1572F26C351BBA205 /* Pods_PhotoBrowser500px.framework */ = {isa = PBXFileReference; explicitFileType = wrapper.framework; includeInIndex = 0; path = Pods_PhotoBrowser500px.framework; sourceTree = BUILT_PRODUCTS_DIR; };
		636DFF625D9DDF345D1467EE /* Pods-PhotoBrowser500pxUITests.release.xcconfig */ = {isa = PBXFileReference; includeInIndex = 1; lastKnownFileType = text.xcconfig; name = "Pods-PhotoBrowser500pxUITests.release.xcconfig"; path = "Pods/Target Support Files/Pods-PhotoBrowser500pxUITests/Pods-PhotoBrowser500pxUITests.release.xcconfig"; sourceTree = "<group>"; };
		6898A70C6242E5569EFD8409 /* Pods-PhotoBrowser500pxUITests.debug.xcconfig */ = {isa = PBXFileReference; includeInIndex = 1; lastKnownFileType = text.xcconfig; name = "Pods-PhotoBrowser500pxUITests.debug.xcconfig"; path = "Pods/Target Support Files/Pods-PhotoBrowser500pxUITests/Pods-PhotoBrowser500pxUITests.debug.xcconfig"; sourceTree = "<group>"; };
		6D433959C196610114C72B25 /* Pods_PhotoBrowser500pxTests.framework */ = {isa = PBXFileReference; explicitFileType = wrapper.framework; includeInIndex = 0; path = Pods_PhotoBrowser500pxTests.framework; sourceTree = BUILT_PRODUCTS_DIR; };
		73573D47B2CC99EE302F3358 /* Pods-PhotoBrowser500pxTests.debug.xcconfig */ = {isa = PBXFileReference; includeInIndex = 1; lastKnownFileType = text.xcconfig; name = "Pods-PhotoBrowser500pxTests.debug.xcconfig"; path = "Pods/Target Support Files/Pods-PhotoBrowser500pxTests/Pods-PhotoBrowser500pxTests.debug.xcconfig"; sourceTree = "<group>"; };
		EA518FCF57ABDB5FEE21A90C /* Pods-PhotoBrowser500px.release.xcconfig */ = {isa = PBXFileReference; includeInIndex = 1; lastKnownFileType = text.xcconfig; name = "Pods-PhotoBrowser500px.release.xcconfig"; path = "Pods/Target Support Files/Pods-PhotoBrowser500px/Pods-PhotoBrowser500px.release.xcconfig"; sourceTree = "<group>"; };
		F50BFADD1DE0FE4700CA454D /* HTTPClient.swift */ = {isa = PBXFileReference; fileEncoding = 4; lastKnownFileType = sourcecode.swift; path = HTTPClient.swift; sourceTree = "<group>"; };
		F50BFAE11DE0FE8000CA454D /* Reachability.swift */ = {isa = PBXFileReference; fileEncoding = 4; lastKnownFileType = sourcecode.swift; path = Reachability.swift; sourceTree = "<group>"; };
		F50BFAE31DE0FECD00CA454D /* API500px.swift */ = {isa = PBXFileReference; fileEncoding = 4; lastKnownFileType = sourcecode.swift; path = API500px.swift; sourceTree = "<group>"; };
		F50BFAE51DE0FF8600CA454D /* Image500px.swift */ = {isa = PBXFileReference; fileEncoding = 4; lastKnownFileType = sourcecode.swift; path = Image500px.swift; sourceTree = "<group>"; };
		F5A475711DE1303E00C15BE0 /* HTTPClientTests.swift */ = {isa = PBXFileReference; fileEncoding = 4; lastKnownFileType = sourcecode.swift; path = HTTPClientTests.swift; sourceTree = "<group>"; };
		F5A475731DE1352300C15BE0 /* API500pxTests.swift */ = {isa = PBXFileReference; fileEncoding = 4; lastKnownFileType = sourcecode.swift; path = API500pxTests.swift; sourceTree = "<group>"; };
		F5A475751DE137A800C15BE0 /* DateHelper.swift */ = {isa = PBXFileReference; fileEncoding = 4; lastKnownFileType = sourcecode.swift; path = DateHelper.swift; sourceTree = "<group>"; };
		F5A475781DE13A1600C15BE0 /* DateHelperTests.swift */ = {isa = PBXFileReference; fileEncoding = 4; lastKnownFileType = sourcecode.swift; path = DateHelperTests.swift; sourceTree = "<group>"; };
		F5A4757A1DE2101A00C15BE0 /* ImageCollectionViewController.swift */ = {isa = PBXFileReference; fileEncoding = 4; lastKnownFileType = sourcecode.swift; path = ImageCollectionViewController.swift; sourceTree = "<group>"; };
		F5A4757C1DE219CC00C15BE0 /* ImageFetcher.swift */ = {isa = PBXFileReference; fileEncoding = 4; lastKnownFileType = sourcecode.swift; path = ImageFetcher.swift; sourceTree = "<group>"; };
		F5A4757E1DE2329C00C15BE0 /* ImageFetcherTests.swift */ = {isa = PBXFileReference; fileEncoding = 4; lastKnownFileType = sourcecode.swift; path = ImageFetcherTests.swift; sourceTree = "<group>"; };
		F5E144A11DE0E873001C7EBC /* PhotoBrowser500px.app */ = {isa = PBXFileReference; explicitFileType = wrapper.application; includeInIndex = 0; path = PhotoBrowser500px.app; sourceTree = BUILT_PRODUCTS_DIR; };
		F5E144A41DE0E873001C7EBC /* AppDelegate.swift */ = {isa = PBXFileReference; lastKnownFileType = sourcecode.swift; path = AppDelegate.swift; sourceTree = "<group>"; };
		F5E144A91DE0E873001C7EBC /* Base */ = {isa = PBXFileReference; lastKnownFileType = file.storyboard; name = Base; path = Base.lproj/Main.storyboard; sourceTree = "<group>"; };
		F5E144AC1DE0E873001C7EBC /* PhotoBrowser500px.xcdatamodel */ = {isa = PBXFileReference; lastKnownFileType = wrapper.xcdatamodel; path = PhotoBrowser500px.xcdatamodel; sourceTree = "<group>"; };
		F5E144AE1DE0E873001C7EBC /* Assets.xcassets */ = {isa = PBXFileReference; lastKnownFileType = folder.assetcatalog; path = Assets.xcassets; sourceTree = "<group>"; };
		F5E144B11DE0E873001C7EBC /* Base */ = {isa = PBXFileReference; lastKnownFileType = file.storyboard; name = Base; path = Base.lproj/LaunchScreen.storyboard; sourceTree = "<group>"; };
		F5E144B31DE0E873001C7EBC /* Info.plist */ = {isa = PBXFileReference; lastKnownFileType = text.plist.xml; path = Info.plist; sourceTree = "<group>"; };
		F5E144B81DE0E873001C7EBC /* PhotoBrowser500pxTests.xctest */ = {isa = PBXFileReference; explicitFileType = wrapper.cfbundle; includeInIndex = 0; path = PhotoBrowser500pxTests.xctest; sourceTree = BUILT_PRODUCTS_DIR; };
		F5E144BC1DE0E873001C7EBC /* PhotoBrowser500pxTests.swift */ = {isa = PBXFileReference; lastKnownFileType = sourcecode.swift; path = PhotoBrowser500pxTests.swift; sourceTree = "<group>"; };
		F5E144BE1DE0E873001C7EBC /* Info.plist */ = {isa = PBXFileReference; lastKnownFileType = text.plist.xml; path = Info.plist; sourceTree = "<group>"; };
		F5E144C31DE0E873001C7EBC /* PhotoBrowser500pxUITests.xctest */ = {isa = PBXFileReference; explicitFileType = wrapper.cfbundle; includeInIndex = 0; path = PhotoBrowser500pxUITests.xctest; sourceTree = BUILT_PRODUCTS_DIR; };
		F5E144C71DE0E873001C7EBC /* PhotoBrowser500pxUITests.swift */ = {isa = PBXFileReference; lastKnownFileType = sourcecode.swift; path = PhotoBrowser500pxUITests.swift; sourceTree = "<group>"; };
		F5E144C91DE0E873001C7EBC /* Info.plist */ = {isa = PBXFileReference; lastKnownFileType = text.plist.xml; path = Info.plist; sourceTree = "<group>"; };
		F992213AF8C1967B519A2BD7 /* Pods-PhotoBrowser500px.debug.xcconfig */ = {isa = PBXFileReference; includeInIndex = 1; lastKnownFileType = text.xcconfig; name = "Pods-PhotoBrowser500px.debug.xcconfig"; path = "Pods/Target Support Files/Pods-PhotoBrowser500px/Pods-PhotoBrowser500px.debug.xcconfig"; sourceTree = "<group>"; };
/* End PBXFileReference section */

/* Begin PBXFrameworksBuildPhase section */
		F5E1449E1DE0E873001C7EBC /* Frameworks */ = {
			isa = PBXFrameworksBuildPhase;
			buildActionMask = 2147483647;
			files = (
				9FF7E0B03008B1D678A92817 /* Pods_PhotoBrowser500px.framework in Frameworks */,
			);
			runOnlyForDeploymentPostprocessing = 0;
		};
		F5E144B51DE0E873001C7EBC /* Frameworks */ = {
			isa = PBXFrameworksBuildPhase;
			buildActionMask = 2147483647;
			files = (
				4A6B599D3D5AD339FD4A0F86 /* Pods_PhotoBrowser500pxTests.framework in Frameworks */,
			);
			runOnlyForDeploymentPostprocessing = 0;
		};
		F5E144C01DE0E873001C7EBC /* Frameworks */ = {
			isa = PBXFrameworksBuildPhase;
			buildActionMask = 2147483647;
			files = (
				6968A79316D5C8C57C9B2CD4 /* Pods_PhotoBrowser500pxUITests.framework in Frameworks */,
			);
			runOnlyForDeploymentPostprocessing = 0;
		};
/* End PBXFrameworksBuildPhase section */

/* Begin PBXGroup section */
		136BA162D5571D53070B08EB /* Frameworks */ = {
			isa = PBXGroup;
			children = (
				5DBE0AE1572F26C351BBA205 /* Pods_PhotoBrowser500px.framework */,
				6D433959C196610114C72B25 /* Pods_PhotoBrowser500pxTests.framework */,
				590218236EAEE96266A715D9 /* Pods_PhotoBrowser500pxUITests.framework */,
			);
			name = Frameworks;
			sourceTree = "<group>";
		};
		A2FFB8BF9D154245CC95AFA3 /* Pods */ = {
			isa = PBXGroup;
			children = (
				F992213AF8C1967B519A2BD7 /* Pods-PhotoBrowser500px.debug.xcconfig */,
				EA518FCF57ABDB5FEE21A90C /* Pods-PhotoBrowser500px.release.xcconfig */,
				73573D47B2CC99EE302F3358 /* Pods-PhotoBrowser500pxTests.debug.xcconfig */,
				3D149ECF094FB20CFDF656F8 /* Pods-PhotoBrowser500pxTests.release.xcconfig */,
				6898A70C6242E5569EFD8409 /* Pods-PhotoBrowser500pxUITests.debug.xcconfig */,
				636DFF625D9DDF345D1467EE /* Pods-PhotoBrowser500pxUITests.release.xcconfig */,
			);
			name = Pods;
			sourceTree = "<group>";
		};
		F50BFAD91DE0F88400CA454D /* Models */ = {
			isa = PBXGroup;
			children = (
				F50BFAE51DE0FF8600CA454D /* Image500px.swift */,
			);
			name = Models;
			sourceTree = "<group>";
		};
		F50BFADA1DE0F88B00CA454D /* Services */ = {
			isa = PBXGroup;
			children = (
				F50BFADB1DE0F89200CA454D /* Networking */,
			);
			name = Services;
			sourceTree = "<group>";
		};
		F50BFADB1DE0F89200CA454D /* Networking */ = {
			isa = PBXGroup;
			children = (
				F50BFADD1DE0FE4700CA454D /* HTTPClient.swift */,
				F50BFAE11DE0FE8000CA454D /* Reachability.swift */,
				F50BFAE31DE0FECD00CA454D /* API500px.swift */,
				F5A4757C1DE219CC00C15BE0 /* ImageFetcher.swift */,
			);
			name = Networking;
			sourceTree = "<group>";
		};
		F50BFADC1DE0F8A200CA454D /* UserInterface */ = {
			isa = PBXGroup;
			children = (
				F5E144A81DE0E873001C7EBC /* Main.storyboard */,
				F5E144B01DE0E873001C7EBC /* LaunchScreen.storyboard */,
				F5A4757A1DE2101A00C15BE0 /* ImageCollectionViewController.swift */,
			);
			name = UserInterface;
			sourceTree = "<group>";
		};
		F5A475771DE137B100C15BE0 /* Utils */ = {
			isa = PBXGroup;
			children = (
				F5A475751DE137A800C15BE0 /* DateHelper.swift */,
			);
			name = Utils;
			sourceTree = "<group>";
		};
		F5E144981DE0E873001C7EBC = {
			isa = PBXGroup;
			children = (
				F5E144A31DE0E873001C7EBC /* PhotoBrowser500px */,
				F5E144BB1DE0E873001C7EBC /* PhotoBrowser500pxTests */,
				F5E144C61DE0E873001C7EBC /* PhotoBrowser500pxUITests */,
				F5E144A21DE0E873001C7EBC /* Products */,
				A2FFB8BF9D154245CC95AFA3 /* Pods */,
				136BA162D5571D53070B08EB /* Frameworks */,
			);
			sourceTree = "<group>";
		};
		F5E144A21DE0E873001C7EBC /* Products */ = {
			isa = PBXGroup;
			children = (
				F5E144A11DE0E873001C7EBC /* PhotoBrowser500px.app */,
				F5E144B81DE0E873001C7EBC /* PhotoBrowser500pxTests.xctest */,
				F5E144C31DE0E873001C7EBC /* PhotoBrowser500pxUITests.xctest */,
			);
			name = Products;
			sourceTree = "<group>";
		};
		F5E144A31DE0E873001C7EBC /* PhotoBrowser500px */ = {
			isa = PBXGroup;
			children = (
				F5A475771DE137B100C15BE0 /* Utils */,
				F50BFADC1DE0F8A200CA454D /* UserInterface */,
				F50BFADA1DE0F88B00CA454D /* Services */,
				F50BFAD91DE0F88400CA454D /* Models */,
				F5E144A41DE0E873001C7EBC /* AppDelegate.swift */,
				F5E144AE1DE0E873001C7EBC /* Assets.xcassets */,
				F5E144B31DE0E873001C7EBC /* Info.plist */,
				F5E144AB1DE0E873001C7EBC /* PhotoBrowser500px.xcdatamodeld */,
			);
			path = PhotoBrowser500px;
			sourceTree = "<group>";
		};
		F5E144BB1DE0E873001C7EBC /* PhotoBrowser500pxTests */ = {
			isa = PBXGroup;
			children = (
				F5E144BC1DE0E873001C7EBC /* PhotoBrowser500pxTests.swift */,
				F5E144BE1DE0E873001C7EBC /* Info.plist */,
				F5A475711DE1303E00C15BE0 /* HTTPClientTests.swift */,
				F5A475731DE1352300C15BE0 /* API500pxTests.swift */,
				F5A475781DE13A1600C15BE0 /* DateHelperTests.swift */,
				F5A4757E1DE2329C00C15BE0 /* ImageFetcherTests.swift */,
			);
			path = PhotoBrowser500pxTests;
			sourceTree = "<group>";
		};
		F5E144C61DE0E873001C7EBC /* PhotoBrowser500pxUITests */ = {
			isa = PBXGroup;
			children = (
				F5E144C71DE0E873001C7EBC /* PhotoBrowser500pxUITests.swift */,
				F5E144C91DE0E873001C7EBC /* Info.plist */,
			);
			path = PhotoBrowser500pxUITests;
			sourceTree = "<group>";
		};
/* End PBXGroup section */

/* Begin PBXNativeTarget section */
		F5E144A01DE0E873001C7EBC /* PhotoBrowser500px */ = {
			isa = PBXNativeTarget;
			buildConfigurationList = F5E144CC1DE0E873001C7EBC /* Build configuration list for PBXNativeTarget "PhotoBrowser500px" */;
			buildPhases = (
				74D10417E04F9EA5828A46CC /* [CP] Check Pods Manifest.lock */,
				F5E1449D1DE0E873001C7EBC /* Sources */,
				F5E1449E1DE0E873001C7EBC /* Frameworks */,
				F5E1449F1DE0E873001C7EBC /* Resources */,
				E250C8CF106C94406CACA2CC /* [CP] Embed Pods Frameworks */,
				0F0FFB0C3C93E4CAC5BBACE0 /* [CP] Copy Pods Resources */,
			);
			buildRules = (
			);
			dependencies = (
			);
			name = PhotoBrowser500px;
			productName = PhotoBrowser500px;
			productReference = F5E144A11DE0E873001C7EBC /* PhotoBrowser500px.app */;
			productType = "com.apple.product-type.application";
		};
		F5E144B71DE0E873001C7EBC /* PhotoBrowser500pxTests */ = {
			isa = PBXNativeTarget;
			buildConfigurationList = F5E144CF1DE0E873001C7EBC /* Build configuration list for PBXNativeTarget "PhotoBrowser500pxTests" */;
			buildPhases = (
				B363A1B3DEFFBF50F1C50A34 /* [CP] Check Pods Manifest.lock */,
				F5E144B41DE0E873001C7EBC /* Sources */,
				F5E144B51DE0E873001C7EBC /* Frameworks */,
				F5E144B61DE0E873001C7EBC /* Resources */,
				234FBAA5DF671FD1D77E9B3C /* [CP] Embed Pods Frameworks */,
				90E5DBF8C8611907AB717E0C /* [CP] Copy Pods Resources */,
			);
			buildRules = (
			);
			dependencies = (
				F5E144BA1DE0E873001C7EBC /* PBXTargetDependency */,
			);
			name = PhotoBrowser500pxTests;
			productName = PhotoBrowser500pxTests;
			productReference = F5E144B81DE0E873001C7EBC /* PhotoBrowser500pxTests.xctest */;
			productType = "com.apple.product-type.bundle.unit-test";
		};
		F5E144C21DE0E873001C7EBC /* PhotoBrowser500pxUITests */ = {
			isa = PBXNativeTarget;
			buildConfigurationList = F5E144D21DE0E873001C7EBC /* Build configuration list for PBXNativeTarget "PhotoBrowser500pxUITests" */;
			buildPhases = (
				017D5CF89891C8B91B3F05EA /* [CP] Check Pods Manifest.lock */,
				F5E144BF1DE0E873001C7EBC /* Sources */,
				F5E144C01DE0E873001C7EBC /* Frameworks */,
				F5E144C11DE0E873001C7EBC /* Resources */,
				494BA938567E466B95399F5B /* [CP] Embed Pods Frameworks */,
				A9C7281D45002941CBF4DB66 /* [CP] Copy Pods Resources */,
			);
			buildRules = (
			);
			dependencies = (
				F5E144C51DE0E873001C7EBC /* PBXTargetDependency */,
			);
			name = PhotoBrowser500pxUITests;
			productName = PhotoBrowser500pxUITests;
			productReference = F5E144C31DE0E873001C7EBC /* PhotoBrowser500pxUITests.xctest */;
			productType = "com.apple.product-type.bundle.ui-testing";
		};
/* End PBXNativeTarget section */

/* Begin PBXProject section */
		F5E144991DE0E873001C7EBC /* Project object */ = {
			isa = PBXProject;
			attributes = {
				LastSwiftUpdateCheck = 0810;
				LastUpgradeCheck = 0810;
				ORGANIZATIONNAME = Sid;
				TargetAttributes = {
					F5E144A01DE0E873001C7EBC = {
						CreatedOnToolsVersion = 8.1;
						DevelopmentTeam = 5E8542M445;
						ProvisioningStyle = Automatic;
					};
					F5E144B71DE0E873001C7EBC = {
						CreatedOnToolsVersion = 8.1;
						DevelopmentTeam = 5E8542M445;
						ProvisioningStyle = Automatic;
						TestTargetID = F5E144A01DE0E873001C7EBC;
					};
					F5E144C21DE0E873001C7EBC = {
						CreatedOnToolsVersion = 8.1;
						DevelopmentTeam = 5E8542M445;
						ProvisioningStyle = Automatic;
						TestTargetID = F5E144A01DE0E873001C7EBC;
					};
				};
			};
			buildConfigurationList = F5E1449C1DE0E873001C7EBC /* Build configuration list for PBXProject "PhotoBrowser500px" */;
			compatibilityVersion = "Xcode 3.2";
			developmentRegion = English;
			hasScannedForEncodings = 0;
			knownRegions = (
				en,
				Base,
			);
			mainGroup = F5E144981DE0E873001C7EBC;
			productRefGroup = F5E144A21DE0E873001C7EBC /* Products */;
			projectDirPath = "";
			projectRoot = "";
			targets = (
				F5E144A01DE0E873001C7EBC /* PhotoBrowser500px */,
				F5E144B71DE0E873001C7EBC /* PhotoBrowser500pxTests */,
				F5E144C21DE0E873001C7EBC /* PhotoBrowser500pxUITests */,
			);
		};
/* End PBXProject section */

/* Begin PBXResourcesBuildPhase section */
		F5E1449F1DE0E873001C7EBC /* Resources */ = {
			isa = PBXResourcesBuildPhase;
			buildActionMask = 2147483647;
			files = (
				F5E144B21DE0E873001C7EBC /* LaunchScreen.storyboard in Resources */,
				F5E144AF1DE0E873001C7EBC /* Assets.xcassets in Resources */,
				F5E144AA1DE0E873001C7EBC /* Main.storyboard in Resources */,
			);
			runOnlyForDeploymentPostprocessing = 0;
		};
		F5E144B61DE0E873001C7EBC /* Resources */ = {
			isa = PBXResourcesBuildPhase;
			buildActionMask = 2147483647;
			files = (
			);
			runOnlyForDeploymentPostprocessing = 0;
		};
		F5E144C11DE0E873001C7EBC /* Resources */ = {
			isa = PBXResourcesBuildPhase;
			buildActionMask = 2147483647;
			files = (
			);
			runOnlyForDeploymentPostprocessing = 0;
		};
/* End PBXResourcesBuildPhase section */

/* Begin PBXShellScriptBuildPhase section */
		017D5CF89891C8B91B3F05EA /* [CP] Check Pods Manifest.lock */ = {
			isa = PBXShellScriptBuildPhase;
			buildActionMask = 2147483647;
			files = (
			);
			inputPaths = (
			);
			name = "[CP] Check Pods Manifest.lock";
			outputPaths = (
			);
			runOnlyForDeploymentPostprocessing = 0;
			shellPath = /bin/sh;
			shellScript = "diff \"${PODS_ROOT}/../Podfile.lock\" \"${PODS_ROOT}/Manifest.lock\" > /dev/null\nif [ $? != 0 ] ; then\n    # print error to STDERR\n    echo \"error: The sandbox is not in sync with the Podfile.lock. Run 'pod install' or update your CocoaPods installation.\" >&2\n    exit 1\nfi\n";
			showEnvVarsInLog = 0;
		};
		0F0FFB0C3C93E4CAC5BBACE0 /* [CP] Copy Pods Resources */ = {
			isa = PBXShellScriptBuildPhase;
			buildActionMask = 2147483647;
			files = (
			);
			inputPaths = (
			);
			name = "[CP] Copy Pods Resources";
			outputPaths = (
			);
			runOnlyForDeploymentPostprocessing = 0;
			shellPath = /bin/sh;
			shellScript = "\"${SRCROOT}/Pods/Target Support Files/Pods-PhotoBrowser500px/Pods-PhotoBrowser500px-resources.sh\"\n";
			showEnvVarsInLog = 0;
		};
		234FBAA5DF671FD1D77E9B3C /* [CP] Embed Pods Frameworks */ = {
			isa = PBXShellScriptBuildPhase;
			buildActionMask = 2147483647;
			files = (
			);
			inputPaths = (
			);
			name = "[CP] Embed Pods Frameworks";
			outputPaths = (
			);
			runOnlyForDeploymentPostprocessing = 0;
			shellPath = /bin/sh;
			shellScript = "\"${SRCROOT}/Pods/Target Support Files/Pods-PhotoBrowser500pxTests/Pods-PhotoBrowser500pxTests-frameworks.sh\"\n";
			showEnvVarsInLog = 0;
		};
		494BA938567E466B95399F5B /* [CP] Embed Pods Frameworks */ = {
			isa = PBXShellScriptBuildPhase;
			buildActionMask = 2147483647;
			files = (
			);
			inputPaths = (
			);
			name = "[CP] Embed Pods Frameworks";
			outputPaths = (
			);
			runOnlyForDeploymentPostprocessing = 0;
			shellPath = /bin/sh;
			shellScript = "\"${SRCROOT}/Pods/Target Support Files/Pods-PhotoBrowser500pxUITests/Pods-PhotoBrowser500pxUITests-frameworks.sh\"\n";
			showEnvVarsInLog = 0;
		};
		74D10417E04F9EA5828A46CC /* [CP] Check Pods Manifest.lock */ = {
			isa = PBXShellScriptBuildPhase;
			buildActionMask = 2147483647;
			files = (
			);
			inputPaths = (
			);
			name = "[CP] Check Pods Manifest.lock";
			outputPaths = (
			);
			runOnlyForDeploymentPostprocessing = 0;
			shellPath = /bin/sh;
			shellScript = "diff \"${PODS_ROOT}/../Podfile.lock\" \"${PODS_ROOT}/Manifest.lock\" > /dev/null\nif [ $? != 0 ] ; then\n    # print error to STDERR\n    echo \"error: The sandbox is not in sync with the Podfile.lock. Run 'pod install' or update your CocoaPods installation.\" >&2\n    exit 1\nfi\n";
			showEnvVarsInLog = 0;
		};
		90E5DBF8C8611907AB717E0C /* [CP] Copy Pods Resources */ = {
			isa = PBXShellScriptBuildPhase;
			buildActionMask = 2147483647;
			files = (
			);
			inputPaths = (
			);
			name = "[CP] Copy Pods Resources";
			outputPaths = (
			);
			runOnlyForDeploymentPostprocessing = 0;
			shellPath = /bin/sh;
			shellScript = "\"${SRCROOT}/Pods/Target Support Files/Pods-PhotoBrowser500pxTests/Pods-PhotoBrowser500pxTests-resources.sh\"\n";
			showEnvVarsInLog = 0;
		};
		A9C7281D45002941CBF4DB66 /* [CP] Copy Pods Resources */ = {
			isa = PBXShellScriptBuildPhase;
			buildActionMask = 2147483647;
			files = (
			);
			inputPaths = (
			);
			name = "[CP] Copy Pods Resources";
			outputPaths = (
			);
			runOnlyForDeploymentPostprocessing = 0;
			shellPath = /bin/sh;
			shellScript = "\"${SRCROOT}/Pods/Target Support Files/Pods-PhotoBrowser500pxUITests/Pods-PhotoBrowser500pxUITests-resources.sh\"\n";
			showEnvVarsInLog = 0;
		};
		B363A1B3DEFFBF50F1C50A34 /* [CP] Check Pods Manifest.lock */ = {
			isa = PBXShellScriptBuildPhase;
			buildActionMask = 2147483647;
			files = (
			);
			inputPaths = (
			);
			name = "[CP] Check Pods Manifest.lock";
			outputPaths = (
			);
			runOnlyForDeploymentPostprocessing = 0;
			shellPath = /bin/sh;
			shellScript = "diff \"${PODS_ROOT}/../Podfile.lock\" \"${PODS_ROOT}/Manifest.lock\" > /dev/null\nif [ $? != 0 ] ; then\n    # print error to STDERR\n    echo \"error: The sandbox is not in sync with the Podfile.lock. Run 'pod install' or update your CocoaPods installation.\" >&2\n    exit 1\nfi\n";
			showEnvVarsInLog = 0;
		};
		E250C8CF106C94406CACA2CC /* [CP] Embed Pods Frameworks */ = {
			isa = PBXShellScriptBuildPhase;
			buildActionMask = 2147483647;
			files = (
			);
			inputPaths = (
			);
			name = "[CP] Embed Pods Frameworks";
			outputPaths = (
			);
			runOnlyForDeploymentPostprocessing = 0;
			shellPath = /bin/sh;
			shellScript = "\"${SRCROOT}/Pods/Target Support Files/Pods-PhotoBrowser500px/Pods-PhotoBrowser500px-frameworks.sh\"\n";
			showEnvVarsInLog = 0;
		};
/* End PBXShellScriptBuildPhase section */

/* Begin PBXSourcesBuildPhase section */
		F5E1449D1DE0E873001C7EBC /* Sources */ = {
			isa = PBXSourcesBuildPhase;
			buildActionMask = 2147483647;
			files = (
				F50BFAE41DE0FECD00CA454D /* API500px.swift in Sources */,
				F5A475761DE137A800C15BE0 /* DateHelper.swift in Sources */,
				F5E144AD1DE0E873001C7EBC /* PhotoBrowser500px.xcdatamodeld in Sources */,
				F5A4757D1DE219CC00C15BE0 /* ImageFetcher.swift in Sources */,
				F50BFAE21DE0FE8000CA454D /* Reachability.swift in Sources */,
				F5A4757B1DE2101A00C15BE0 /* ImageCollectionViewController.swift in Sources */,
				F50BFADE1DE0FE4700CA454D /* HTTPClient.swift in Sources */,
				F5E144A51DE0E873001C7EBC /* AppDelegate.swift in Sources */,
				F50BFAE61DE0FF8600CA454D /* Image500px.swift in Sources */,
			);
			runOnlyForDeploymentPostprocessing = 0;
		};
		F5E144B41DE0E873001C7EBC /* Sources */ = {
			isa = PBXSourcesBuildPhase;
			buildActionMask = 2147483647;
			files = (
				F5A475721DE1303E00C15BE0 /* HTTPClientTests.swift in Sources */,
				F5A4757F1DE2329C00C15BE0 /* ImageFetcherTests.swift in Sources */,
				F5A475791DE13A1600C15BE0 /* DateHelperTests.swift in Sources */,
				F5A475741DE1352300C15BE0 /* API500pxTests.swift in Sources */,
				F5E144BD1DE0E873001C7EBC /* PhotoBrowser500pxTests.swift in Sources */,
			);
			runOnlyForDeploymentPostprocessing = 0;
		};
		F5E144BF1DE0E873001C7EBC /* Sources */ = {
			isa = PBXSourcesBuildPhase;
			buildActionMask = 2147483647;
			files = (
				F5E144C81DE0E873001C7EBC /* PhotoBrowser500pxUITests.swift in Sources */,
			);
			runOnlyForDeploymentPostprocessing = 0;
		};
/* End PBXSourcesBuildPhase section */

/* Begin PBXTargetDependency section */
		F5E144BA1DE0E873001C7EBC /* PBXTargetDependency */ = {
			isa = PBXTargetDependency;
			target = F5E144A01DE0E873001C7EBC /* PhotoBrowser500px */;
			targetProxy = F5E144B91DE0E873001C7EBC /* PBXContainerItemProxy */;
		};
		F5E144C51DE0E873001C7EBC /* PBXTargetDependency */ = {
			isa = PBXTargetDependency;
			target = F5E144A01DE0E873001C7EBC /* PhotoBrowser500px */;
			targetProxy = F5E144C41DE0E873001C7EBC /* PBXContainerItemProxy */;
		};
/* End PBXTargetDependency section */

/* Begin PBXVariantGroup section */
		F5E144A81DE0E873001C7EBC /* Main.storyboard */ = {
			isa = PBXVariantGroup;
			children = (
				F5E144A91DE0E873001C7EBC /* Base */,
			);
			name = Main.storyboard;
			sourceTree = "<group>";
		};
		F5E144B01DE0E873001C7EBC /* LaunchScreen.storyboard */ = {
			isa = PBXVariantGroup;
			children = (
				F5E144B11DE0E873001C7EBC /* Base */,
			);
			name = LaunchScreen.storyboard;
			sourceTree = "<group>";
		};
/* End PBXVariantGroup section */

/* Begin XCBuildConfiguration section */
		F5E144CA1DE0E873001C7EBC /* Debug */ = {
			isa = XCBuildConfiguration;
			buildSettings = {
				ALWAYS_SEARCH_USER_PATHS = NO;
				CLANG_ANALYZER_NONNULL = YES;
				CLANG_CXX_LANGUAGE_STANDARD = "gnu++0x";
				CLANG_CXX_LIBRARY = "libc++";
				CLANG_ENABLE_MODULES = YES;
				CLANG_ENABLE_OBJC_ARC = YES;
				CLANG_WARN_BOOL_CONVERSION = YES;
				CLANG_WARN_CONSTANT_CONVERSION = YES;
				CLANG_WARN_DIRECT_OBJC_ISA_USAGE = YES_ERROR;
				CLANG_WARN_DOCUMENTATION_COMMENTS = YES;
				CLANG_WARN_EMPTY_BODY = YES;
				CLANG_WARN_ENUM_CONVERSION = YES;
				CLANG_WARN_INFINITE_RECURSION = YES;
				CLANG_WARN_INT_CONVERSION = YES;
				CLANG_WARN_OBJC_ROOT_CLASS = YES_ERROR;
				CLANG_WARN_SUSPICIOUS_MOVE = YES;
				CLANG_WARN_SUSPICIOUS_MOVES = YES;
				CLANG_WARN_UNREACHABLE_CODE = YES;
				CLANG_WARN__DUPLICATE_METHOD_MATCH = YES;
				"CODE_SIGN_IDENTITY[sdk=iphoneos*]" = "iPhone Developer";
				COPY_PHASE_STRIP = NO;
				DEBUG_INFORMATION_FORMAT = dwarf;
				ENABLE_STRICT_OBJC_MSGSEND = YES;
				ENABLE_TESTABILITY = YES;
				GCC_C_LANGUAGE_STANDARD = gnu99;
				GCC_DYNAMIC_NO_PIC = NO;
				GCC_NO_COMMON_BLOCKS = YES;
				GCC_OPTIMIZATION_LEVEL = 0;
				GCC_PREPROCESSOR_DEFINITIONS = (
					"DEBUG=1",
					"$(inherited)",
				);
				GCC_WARN_64_TO_32_BIT_CONVERSION = YES;
				GCC_WARN_ABOUT_RETURN_TYPE = YES_ERROR;
				GCC_WARN_UNDECLARED_SELECTOR = YES;
				GCC_WARN_UNINITIALIZED_AUTOS = YES_AGGRESSIVE;
				GCC_WARN_UNUSED_FUNCTION = YES;
				GCC_WARN_UNUSED_VARIABLE = YES;
				IPHONEOS_DEPLOYMENT_TARGET = 10.1;
				MTL_ENABLE_DEBUG_INFO = YES;
				ONLY_ACTIVE_ARCH = YES;
				SDKROOT = iphoneos;
				SWIFT_ACTIVE_COMPILATION_CONDITIONS = DEBUG;
				SWIFT_OPTIMIZATION_LEVEL = "-Onone";
				TARGETED_DEVICE_FAMILY = "1,2";
			};
			name = Debug;
		};
		F5E144CB1DE0E873001C7EBC /* Release */ = {
			isa = XCBuildConfiguration;
			buildSettings = {
				ALWAYS_SEARCH_USER_PATHS = NO;
				CLANG_ANALYZER_NONNULL = YES;
				CLANG_CXX_LANGUAGE_STANDARD = "gnu++0x";
				CLANG_CXX_LIBRARY = "libc++";
				CLANG_ENABLE_MODULES = YES;
				CLANG_ENABLE_OBJC_ARC = YES;
				CLANG_WARN_BOOL_CONVERSION = YES;
				CLANG_WARN_CONSTANT_CONVERSION = YES;
				CLANG_WARN_DIRECT_OBJC_ISA_USAGE = YES_ERROR;
				CLANG_WARN_DOCUMENTATION_COMMENTS = YES;
				CLANG_WARN_EMPTY_BODY = YES;
				CLANG_WARN_ENUM_CONVERSION = YES;
				CLANG_WARN_INFINITE_RECURSION = YES;
				CLANG_WARN_INT_CONVERSION = YES;
				CLANG_WARN_OBJC_ROOT_CLASS = YES_ERROR;
				CLANG_WARN_SUSPICIOUS_MOVE = YES;
				CLANG_WARN_SUSPICIOUS_MOVES = YES;
				CLANG_WARN_UNREACHABLE_CODE = YES;
				CLANG_WARN__DUPLICATE_METHOD_MATCH = YES;
				"CODE_SIGN_IDENTITY[sdk=iphoneos*]" = "iPhone Developer";
				COPY_PHASE_STRIP = NO;
				DEBUG_INFORMATION_FORMAT = "dwarf-with-dsym";
				ENABLE_NS_ASSERTIONS = NO;
				ENABLE_STRICT_OBJC_MSGSEND = YES;
				GCC_C_LANGUAGE_STANDARD = gnu99;
				GCC_NO_COMMON_BLOCKS = YES;
				GCC_WARN_64_TO_32_BIT_CONVERSION = YES;
				GCC_WARN_ABOUT_RETURN_TYPE = YES_ERROR;
				GCC_WARN_UNDECLARED_SELECTOR = YES;
				GCC_WARN_UNINITIALIZED_AUTOS = YES_AGGRESSIVE;
				GCC_WARN_UNUSED_FUNCTION = YES;
				GCC_WARN_UNUSED_VARIABLE = YES;
				IPHONEOS_DEPLOYMENT_TARGET = 10.1;
				MTL_ENABLE_DEBUG_INFO = NO;
				SDKROOT = iphoneos;
				SWIFT_OPTIMIZATION_LEVEL = "-Owholemodule";
				TARGETED_DEVICE_FAMILY = "1,2";
				VALIDATE_PRODUCT = YES;
			};
			name = Release;
		};
		F5E144CD1DE0E873001C7EBC /* Debug */ = {
			isa = XCBuildConfiguration;
			baseConfigurationReference = F992213AF8C1967B519A2BD7 /* Pods-PhotoBrowser500px.debug.xcconfig */;
			buildSettings = {
				ALWAYS_EMBED_SWIFT_STANDARD_LIBRARIES = YES;
				ASSETCATALOG_COMPILER_APPICON_NAME = AppIcon;
				DEVELOPMENT_TEAM = 5E8542M445;
				INFOPLIST_FILE = PhotoBrowser500px/Info.plist;
				LD_RUNPATH_SEARCH_PATHS = "$(inherited) @executable_path/Frameworks";
				PRODUCT_BUNDLE_IDENTIFIER = com.kalra.sid.PhotoBrowser500px;
				PRODUCT_NAME = "$(TARGET_NAME)";
				SWIFT_VERSION = 3.0;
			};
			name = Debug;
		};
		F5E144CE1DE0E873001C7EBC /* Release */ = {
			isa = XCBuildConfiguration;
			baseConfigurationReference = EA518FCF57ABDB5FEE21A90C /* Pods-PhotoBrowser500px.release.xcconfig */;
			buildSettings = {
				ALWAYS_EMBED_SWIFT_STANDARD_LIBRARIES = YES;
				ASSETCATALOG_COMPILER_APPICON_NAME = AppIcon;
				DEVELOPMENT_TEAM = 5E8542M445;
				INFOPLIST_FILE = PhotoBrowser500px/Info.plist;
				LD_RUNPATH_SEARCH_PATHS = "$(inherited) @executable_path/Frameworks";
				PRODUCT_BUNDLE_IDENTIFIER = com.kalra.sid.PhotoBrowser500px;
				PRODUCT_NAME = "$(TARGET_NAME)";
				SWIFT_VERSION = 3.0;
			};
			name = Release;
		};
		F5E144D01DE0E873001C7EBC /* Debug */ = {
			isa = XCBuildConfiguration;
			baseConfigurationReference = 73573D47B2CC99EE302F3358 /* Pods-PhotoBrowser500pxTests.debug.xcconfig */;
			buildSettings = {
				ALWAYS_EMBED_SWIFT_STANDARD_LIBRARIES = YES;
				BUNDLE_LOADER = "$(TEST_HOST)";
				DEVELOPMENT_TEAM = 5E8542M445;
				INFOPLIST_FILE = PhotoBrowser500pxTests/Info.plist;
				LD_RUNPATH_SEARCH_PATHS = "$(inherited) @executable_path/Frameworks @loader_path/Frameworks";
				PRODUCT_BUNDLE_IDENTIFIER = com.kalra.sid.PhotoBrowser500pxTests;
				PRODUCT_NAME = "$(TARGET_NAME)";
				SWIFT_VERSION = 3.0;
				TEST_HOST = "$(BUILT_PRODUCTS_DIR)/PhotoBrowser500px.app/PhotoBrowser500px";
			};
			name = Debug;
		};
		F5E144D11DE0E873001C7EBC /* Release */ = {
			isa = XCBuildConfiguration;
			baseConfigurationReference = 3D149ECF094FB20CFDF656F8 /* Pods-PhotoBrowser500pxTests.release.xcconfig */;
			buildSettings = {
				ALWAYS_EMBED_SWIFT_STANDARD_LIBRARIES = YES;
				BUNDLE_LOADER = "$(TEST_HOST)";
				DEVELOPMENT_TEAM = 5E8542M445;
				INFOPLIST_FILE = PhotoBrowser500pxTests/Info.plist;
				LD_RUNPATH_SEARCH_PATHS = "$(inherited) @executable_path/Frameworks @loader_path/Frameworks";
				PRODUCT_BUNDLE_IDENTIFIER = com.kalra.sid.PhotoBrowser500pxTests;
				PRODUCT_NAME = "$(TARGET_NAME)";
				SWIFT_VERSION = 3.0;
				TEST_HOST = "$(BUILT_PRODUCTS_DIR)/PhotoBrowser500px.app/PhotoBrowser500px";
			};
			name = Release;
		};
		F5E144D31DE0E873001C7EBC /* Debug */ = {
			isa = XCBuildConfiguration;
			baseConfigurationReference = 6898A70C6242E5569EFD8409 /* Pods-PhotoBrowser500pxUITests.debug.xcconfig */;
			buildSettings = {
				ALWAYS_EMBED_SWIFT_STANDARD_LIBRARIES = YES;
				DEVELOPMENT_TEAM = 5E8542M445;
				INFOPLIST_FILE = PhotoBrowser500pxUITests/Info.plist;
				LD_RUNPATH_SEARCH_PATHS = "$(inherited) @executable_path/Frameworks @loader_path/Frameworks";
				PRODUCT_BUNDLE_IDENTIFIER = com.kalra.sid.PhotoBrowser500pxUITests;
				PRODUCT_NAME = "$(TARGET_NAME)";
				SWIFT_VERSION = 3.0;
				TEST_TARGET_NAME = PhotoBrowser500px;
			};
			name = Debug;
		};
		F5E144D41DE0E873001C7EBC /* Release */ = {
			isa = XCBuildConfiguration;
			baseConfigurationReference = 636DFF625D9DDF345D1467EE /* Pods-PhotoBrowser500pxUITests.release.xcconfig */;
			buildSettings = {
				ALWAYS_EMBED_SWIFT_STANDARD_LIBRARIES = YES;
				DEVELOPMENT_TEAM = 5E8542M445;
				INFOPLIST_FILE = PhotoBrowser500pxUITests/Info.plist;
				LD_RUNPATH_SEARCH_PATHS = "$(inherited) @executable_path/Frameworks @loader_path/Frameworks";
				PRODUCT_BUNDLE_IDENTIFIER = com.kalra.sid.PhotoBrowser500pxUITests;
				PRODUCT_NAME = "$(TARGET_NAME)";
				SWIFT_VERSION = 3.0;
				TEST_TARGET_NAME = PhotoBrowser500px;
			};
			name = Release;
		};
/* End XCBuildConfiguration section */

/* Begin XCConfigurationList section */
		F5E1449C1DE0E873001C7EBC /* Build configuration list for PBXProject "PhotoBrowser500px" */ = {
			isa = XCConfigurationList;
			buildConfigurations = (
				F5E144CA1DE0E873001C7EBC /* Debug */,
				F5E144CB1DE0E873001C7EBC /* Release */,
			);
			defaultConfigurationIsVisible = 0;
			defaultConfigurationName = Release;
		};
		F5E144CC1DE0E873001C7EBC /* Build configuration list for PBXNativeTarget "PhotoBrowser500px" */ = {
			isa = XCConfigurationList;
			buildConfigurations = (
				F5E144CD1DE0E873001C7EBC /* Debug */,
				F5E144CE1DE0E873001C7EBC /* Release */,
			);
			defaultConfigurationIsVisible = 0;
			defaultConfigurationName = Release;
		};
		F5E144CF1DE0E873001C7EBC /* Build configuration list for PBXNativeTarget "PhotoBrowser500pxTests" */ = {
			isa = XCConfigurationList;
			buildConfigurations = (
				F5E144D01DE0E873001C7EBC /* Debug */,
				F5E144D11DE0E873001C7EBC /* Release */,
			);
			defaultConfigurationIsVisible = 0;
			defaultConfigurationName = Release;
		};
		F5E144D21DE0E873001C7EBC /* Build configuration list for PBXNativeTarget "PhotoBrowser500pxUITests" */ = {
			isa = XCConfigurationList;
			buildConfigurations = (
				F5E144D31DE0E873001C7EBC /* Debug */,
				F5E144D41DE0E873001C7EBC /* Release */,
			);
			defaultConfigurationIsVisible = 0;
			defaultConfigurationName = Release;
		};
/* End XCConfigurationList section */

/* Begin XCVersionGroup section */
		F5E144AB1DE0E873001C7EBC /* PhotoBrowser500px.xcdatamodeld */ = {
			isa = XCVersionGroup;
			children = (
				F5E144AC1DE0E873001C7EBC /* PhotoBrowser500px.xcdatamodel */,
			);
			currentVersion = F5E144AC1DE0E873001C7EBC /* PhotoBrowser500px.xcdatamodel */;
			path = PhotoBrowser500px.xcdatamodeld;
			sourceTree = "<group>";
			versionGroupType = wrapper.xcdatamodel;
		};
/* End XCVersionGroup section */
	};
	rootObject = F5E144991DE0E873001C7EBC /* Project object */;
}
